{
  "name": "newsworthy",
  "version": "1.0.0",
  "lockfileVersion": 3,
  "requires": true,
  "packages": {
    "": {
      "name": "newsworthy",
      "version": "1.0.0",
      "dependencies": {
        "@anthropic-ai/sdk": "^0.72.0",
        "@neondatabase/serverless": "^1.1.0"
      },
      "devDependencies": {
        "@electric-sql/pglite": "^0.5.6"
      },
      "engines": {
        "node": "22.x"
      }
    },
    "node_modules/@anthropic-ai/sdk": {
      "version": "0.72.1",
      "resolved": "https://registry.npmjs.org/@anthropic-ai/sdk/-/sdk-0.72.1.tgz",
      "integrity": "sha512-MiUnue7qN7DvLIoYHgkedN2z05mRf2CutBzjXXY2krzOhG2r/rIfISS2uVkNLikgToB5hYIzw+xp2jdOtRkqYQ==",
      "license": "MIT",
      "dependencies": {
        "json-schema-to-ts": "^3.1.1"
      },
      "bin": {
        "anthropic-ai-sdk": "bin/cli"
      },
      "peerDependencies": {
        "zod": "^3.25.0 || ^4.0.0"
      },
      "peerDependenciesMeta": {
        "zod": {
          "optional": true
        }
      }
    },
    "node_modules/@babel/runtime": {
      "version": "7.29.7",
      "resolved": "https://registry.npmjs.org/@babel/runtime/-/runtime-7.29.7.tgz",
      "integrity": "sha512-Nq8OhGWiZIZGV6hLHoyAKLLcJihP/xFeBMGJoUrxTX2psI8dCifzLhZISFb+VWS3wFMRDmCGw5R+dOySCqPLhw==",
      "license": "MIT",
      "engines": {
        "node": ">=6.9.0"
      }
    },
    "node_modules/@electric-sql/pglite": {
      "version": "0.5.6",
      "resolved": "https://registry.npmjs.org/@electric-sql/pglite/-/pglite-0.5.6.tgz",
      "integrity": "sha512-ipn6AOHouIRwNSVL+0hIRuM3yDwAWgRmvZuj+45sudzKpmdPbG8hQuQDZ4A8l7U8E0l7u6pJ/VtMEW42w+vEKQ==",
      "dev": true,
      "license": "Apache-2.0"
    },
    "node_modules/@neondatabase/serverless": {
      "version": "1.1.0",
      "resolved": "https://registry.npmjs.org/@neondatabase/serverless/-/serverless-1.1.0.tgz",
      "integrity": "sha512-r3ZZhRjEcfEdKIZnoB1RusNgvHuaBRqfCzV4Gi+5A9yUX0S4HTws/ASWqt13wL4y4I+0rqsWGdA2w7EQXHi3+Q==",
      "license": "MIT",
      "engines": {
        "node": ">=19.0.0"
      }
    },
    "node_modules/json-schema-to-ts": {
      "version": "3.1.1",
      "resolved": "https://registry.npmjs.org/json-schema-to-ts/-/json-schema-to-ts-3.1.1.tgz",
      "integrity": "sha512-+DWg8jCJG2TEnpy7kOm/7/AxaYoaRbjVB4LFZLySZlWn8exGs3A4OLJR966cVvU26N7X9TWxl+Jsw7dzAqKT6g==",
      "license": "MIT",
      "dependencies": {
        "@babel/runtime": "^7.18.3",
        "ts-algebra": "^2.0.0"
      },
      "engines": {
        "node": ">=16"
      }
    },
    "node_modules/ts-algebra": {
      "version": "2.0.0",
      "resolved": "https://registry.npmjs.org/ts-algebra/-/ts-algebra-2.0.0.tgz",
      "integrity": "sha512-FPAhNPFMrkwz76P7cdjdmiShwMynZYN6SgOujD1urY4oNm80Ou9oMdmbR45LotcKOXoy7wSmHkRFE6Mxbrhefw==",
      "license": "MIT"
    }
  }
}
